// !$*UTF8*$!
{
	archiveVersion = 1;
	classes = {
	};
	objectVersion = 51;
	objects = {

/* Begin PBXBuildFile section */
		28A7164026D26C4C00094295 /* ProfileViewController.swift in Sources */ = {isa = PBXBuildFile; fileRef = 28A7163F26D26C4C00094295 /* ProfileViewController.swift */; };
		28A7164526D26C6600094295 /* EditProfileViewController.swift in Sources */ = {isa = PBXBuildFile; fileRef = 28A7164426D26C6600094295 /* EditProfileViewController.swift */; };
		728EE29D877003020556745E /* Pods_match.framework in Frameworks */ = {isa = PBXBuildFile; fileRef = EC730BAF19FF245C523B1DCD /* Pods_match.framework */; };
		820B3CB4A7FBE998353E4A72 /* Pods_match_matchUITests.framework in Frameworks */ = {isa = PBXBuildFile; fileRef = 1410DBA791CC9840C14EFB77 /* Pods_match_matchUITests.framework */; };
		8D19C63B26DE5BB00047775C /* Message.swift in Sources */ = {isa = PBXBuildFile; fileRef = 8D19C63A26DE5BB00047775C /* Message.swift */; };
		8D19C64026DE5BCC0047775C /* User.swift in Sources */ = {isa = PBXBuildFile; fileRef = 8D19C63F26DE5BCC0047775C /* User.swift */; };
		8D19C64526DE5BE90047775C /* ChatRoom.swift in Sources */ = {isa = PBXBuildFile; fileRef = 8D19C64426DE5BE90047775C /* ChatRoom.swift */; };
		8D19C64A26DE5C1A0047775C /* ChatListViewController.swift in Sources */ = {isa = PBXBuildFile; fileRef = 8D19C64926DE5C1A0047775C /* ChatListViewController.swift */; };
		8D3634EF26BC126D005AB4E9 /* manatsu.jpg in Resources */ = {isa = PBXBuildFile; fileRef = 8D3634ED26BC126C005AB4E9 /* manatsu.jpg */; };
		8D3634F026BC126D005AB4E9 /* kuro.jpg in Resources */ = {isa = PBXBuildFile; fileRef = 8D3634EE26BC126D005AB4E9 /* kuro.jpg */; };
		8D3634F626BC1276005AB4E9 /* nanase.jpg in Resources */ = {isa = PBXBuildFile; fileRef = 8D3634F426BC1276005AB4E9 /* nanase.jpg */; };
		8D3634F726BC1276005AB4E9 /* nanami.jpeg in Resources */ = {isa = PBXBuildFile; fileRef = 8D3634F526BC1276005AB4E9 /* nanami.jpeg */; };
		8D3634FC26BC127B005AB4E9 /* maiyan.png in Resources */ = {isa = PBXBuildFile; fileRef = 8D3634FB26BC127B005AB4E9 /* maiyan.png */; };
		8D36350426BC13C1005AB4E9 /* miria2.jpg in Resources */ = {isa = PBXBuildFile; fileRef = 8D36350326BC13C1005AB4E9 /* miria2.jpg */; };
		8D36350926BC13C8005AB4E9 /* yoda.jpg in Resources */ = {isa = PBXBuildFile; fileRef = 8D36350826BC13C8005AB4E9 /* yoda.jpg */; };
		8D517C7226BAC7FD00E76F59 /* AppDelegate.swift in Sources */ = {isa = PBXBuildFile; fileRef = 8D517C7126BAC7FD00E76F59 /* AppDelegate.swift */; };
		8D517C7426BAC7FD00E76F59 /* SceneDelegate.swift in Sources */ = {isa = PBXBuildFile; fileRef = 8D517C7326BAC7FD00E76F59 /* SceneDelegate.swift */; };
		8D517C7626BAC7FD00E76F59 /* ViewController.swift in Sources */ = {isa = PBXBuildFile; fileRef = 8D517C7526BAC7FD00E76F59 /* ViewController.swift */; };
		8D517C7926BAC7FD00E76F59 /* Main.storyboard in Resources */ = {isa = PBXBuildFile; fileRef = 8D517C7726BAC7FD00E76F59 /* Main.storyboard */; };
		8D517C7B26BAC80100E76F59 /* Assets.xcassets in Resources */ = {isa = PBXBuildFile; fileRef = 8D517C7A26BAC80100E76F59 /* Assets.xcassets */; };
		8D517C7E26BAC80100E76F59 /* LaunchScreen.storyboard in Resources */ = {isa = PBXBuildFile; fileRef = 8D517C7C26BAC80100E76F59 /* LaunchScreen.storyboard */; };
		8D517C8926BAC80200E76F59 /* matchTests.swift in Sources */ = {isa = PBXBuildFile; fileRef = 8D517C8826BAC80200E76F59 /* matchTests.swift */; };
		8D517C9426BAC80200E76F59 /* matchUITests.swift in Sources */ = {isa = PBXBuildFile; fileRef = 8D517C9326BAC80200E76F59 /* matchUITests.swift */; };
		8D55104E26DFBAA200652879 /* ChatRoomTableViewCell.swift in Sources */ = {isa = PBXBuildFile; fileRef = 8D55104C26DFBAA200652879 /* ChatRoomTableViewCell.swift */; };
		8D55104F26DFBAA200652879 /* ChatRoomTableViewCell.xib in Resources */ = {isa = PBXBuildFile; fileRef = 8D55104D26DFBAA200652879 /* ChatRoomTableViewCell.xib */; };
		8D55105426DFBB4500652879 /* ChatInputAccessory.swift in Sources */ = {isa = PBXBuildFile; fileRef = 8D55105326DFBB4500652879 /* ChatInputAccessory.swift */; };
		8DBD6E9C26C91DE800326F2B /* GoogleService-Info.plist in Resources */ = {isa = PBXBuildFile; fileRef = 8DBD6E9B26C91DE800326F2B /* GoogleService-Info.plist */; };
		8DBD6EC526C9222300326F2B /* SignInViewController.swift in Sources */ = {isa = PBXBuildFile; fileRef = 8DBD6EC426C9222300326F2B /* SignInViewController.swift */; };
		8DBD6ECA26C9224400326F2B /* SignUpViewController.swift in Sources */ = {isa = PBXBuildFile; fileRef = 8DBD6EC926C9224400326F2B /* SignUpViewController.swift */; };
		8DBD6ECC26C9226600326F2B /* SignIn.storyboard in Resources */ = {isa = PBXBuildFile; fileRef = 8DBD6ECB26C9226600326F2B /* SignIn.storyboard */; };
		FEA11CA4C2648CD663DCF1DF /* Pods_matchTests.framework in Frameworks */ = {isa = PBXBuildFile; fileRef = B5A8777A875F48C32356AA66 /* Pods_matchTests.framework */; };
/* End PBXBuildFile section */

/* Begin PBXContainerItemProxy section */
		8D517C8526BAC80200E76F59 /* PBXContainerItemProxy */ = {
			isa = PBXContainerItemProxy;
			containerPortal = 8D517C6626BAC7FD00E76F59 /* Project object */;
			proxyType = 1;
			remoteGlobalIDString = 8D517C6D26BAC7FD00E76F59;
			remoteInfo = match;
		};
		8D517C9026BAC80200E76F59 /* PBXContainerItemProxy */ = {
			isa = PBXContainerItemProxy;
			containerPortal = 8D517C6626BAC7FD00E76F59 /* Project object */;
			proxyType = 1;
			remoteGlobalIDString = 8D517C6D26BAC7FD00E76F59;
			remoteInfo = match;
		};
/* End PBXContainerItemProxy section */

/* Begin PBXFileReference section */
		1410DBA791CC9840C14EFB77 /* Pods_match_matchUITests.framework */ = {isa = PBXFileReference; explicitFileType = wrapper.framework; includeInIndex = 0; path = Pods_match_matchUITests.framework; sourceTree = BUILT_PRODUCTS_DIR; };
		1986161700A6F6134ECC8BDF /* Pods-matchTests.release.xcconfig */ = {isa = PBXFileReference; includeInIndex = 1; lastKnownFileType = text.xcconfig; name = "Pods-matchTests.release.xcconfig"; path = "Target Support Files/Pods-matchTests/Pods-matchTests.release.xcconfig"; sourceTree = "<group>"; };
		28A7163F26D26C4C00094295 /* ProfileViewController.swift */ = {isa = PBXFileReference; lastKnownFileType = sourcecode.swift; path = ProfileViewController.swift; sourceTree = "<group>"; };
		28A7164426D26C6600094295 /* EditProfileViewController.swift */ = {isa = PBXFileReference; lastKnownFileType = sourcecode.swift; path = EditProfileViewController.swift; sourceTree = "<group>"; };
		5D8AEC603636BE071264EFB5 /* Pods-match-matchUITests.debug.xcconfig */ = {isa = PBXFileReference; includeInIndex = 1; lastKnownFileType = text.xcconfig; name = "Pods-match-matchUITests.debug.xcconfig"; path = "Target Support Files/Pods-match-matchUITests/Pods-match-matchUITests.debug.xcconfig"; sourceTree = "<group>"; };
		6B824D60762A9BDB73586185 /* Pods-match.debug.xcconfig */ = {isa = PBXFileReference; includeInIndex = 1; lastKnownFileType = text.xcconfig; name = "Pods-match.debug.xcconfig"; path = "Target Support Files/Pods-match/Pods-match.debug.xcconfig"; sourceTree = "<group>"; };
		851E132F5A9CCC1A1E4FF423 /* Pods-match.release.xcconfig */ = {isa = PBXFileReference; includeInIndex = 1; lastKnownFileType = text.xcconfig; name = "Pods-match.release.xcconfig"; path = "Target Support Files/Pods-match/Pods-match.release.xcconfig"; sourceTree = "<group>"; };
		8D19C63A26DE5BB00047775C /* Message.swift */ = {isa = PBXFileReference; lastKnownFileType = sourcecode.swift; path = Message.swift; sourceTree = "<group>"; };
		8D19C63F26DE5BCC0047775C /* User.swift */ = {isa = PBXFileReference; lastKnownFileType = sourcecode.swift; path = User.swift; sourceTree = "<group>"; };
		8D19C64426DE5BE90047775C /* ChatRoom.swift */ = {isa = PBXFileReference; lastKnownFileType = sourcecode.swift; path = ChatRoom.swift; sourceTree = "<group>"; };
		8D19C64926DE5C1A0047775C /* ChatListViewController.swift */ = {isa = PBXFileReference; lastKnownFileType = sourcecode.swift; path = ChatListViewController.swift; sourceTree = "<group>"; };
		8D3634ED26BC126C005AB4E9 /* manatsu.jpg */ = {isa = PBXFileReference; lastKnownFileType = image.jpeg; path = manatsu.jpg; sourceTree = "<group>"; };
		8D3634EE26BC126D005AB4E9 /* kuro.jpg */ = {isa = PBXFileReference; lastKnownFileType = image.jpeg; path = kuro.jpg; sourceTree = "<group>"; };
		8D3634F426BC1276005AB4E9 /* nanase.jpg */ = {isa = PBXFileReference; lastKnownFileType = image.jpeg; path = nanase.jpg; sourceTree = "<group>"; };
		8D3634F526BC1276005AB4E9 /* nanami.jpeg */ = {isa = PBXFileReference; lastKnownFileType = image.jpeg; path = nanami.jpeg; sourceTree = "<group>"; };
		8D3634FB26BC127B005AB4E9 /* maiyan.png */ = {isa = PBXFileReference; lastKnownFileType = image.png; path = maiyan.png; sourceTree = "<group>"; };
		8D36350326BC13C1005AB4E9 /* miria2.jpg */ = {isa = PBXFileReference; lastKnownFileType = image.jpeg; path = miria2.jpg; sourceTree = "<group>"; };
		8D36350826BC13C8005AB4E9 /* yoda.jpg */ = {isa = PBXFileReference; lastKnownFileType = image.jpeg; path = yoda.jpg; sourceTree = "<group>"; };
		8D517C6E26BAC7FD00E76F59 /* match.app */ = {isa = PBXFileReference; explicitFileType = wrapper.application; includeInIndex = 0; path = match.app; sourceTree = BUILT_PRODUCTS_DIR; };
		8D517C7126BAC7FD00E76F59 /* AppDelegate.swift */ = {isa = PBXFileReference; lastKnownFileType = sourcecode.swift; path = AppDelegate.swift; sourceTree = "<group>"; };
		8D517C7326BAC7FD00E76F59 /* SceneDelegate.swift */ = {isa = PBXFileReference; lastKnownFileType = sourcecode.swift; path = SceneDelegate.swift; sourceTree = "<group>"; };
		8D517C7526BAC7FD00E76F59 /* ViewController.swift */ = {isa = PBXFileReference; lastKnownFileType = sourcecode.swift; path = ViewController.swift; sourceTree = "<group>"; };
		8D517C7826BAC7FD00E76F59 /* Base */ = {isa = PBXFileReference; lastKnownFileType = file.storyboard; name = Base; path = Base.lproj/Main.storyboard; sourceTree = "<group>"; };
		8D517C7A26BAC80100E76F59 /* Assets.xcassets */ = {isa = PBXFileReference; lastKnownFileType = folder.assetcatalog; path = Assets.xcassets; sourceTree = "<group>"; };
		8D517C7D26BAC80100E76F59 /* Base */ = {isa = PBXFileReference; lastKnownFileType = file.storyboard; name = Base; path = Base.lproj/LaunchScreen.storyboard; sourceTree = "<group>"; };
		8D517C7F26BAC80200E76F59 /* Info.plist */ = {isa = PBXFileReference; lastKnownFileType = text.plist.xml; path = Info.plist; sourceTree = "<group>"; };
		8D517C8426BAC80200E76F59 /* matchTests.xctest */ = {isa = PBXFileReference; explicitFileType = wrapper.cfbundle; includeInIndex = 0; path = matchTests.xctest; sourceTree = BUILT_PRODUCTS_DIR; };
		8D517C8826BAC80200E76F59 /* matchTests.swift */ = {isa = PBXFileReference; lastKnownFileType = sourcecode.swift; path = matchTests.swift; sourceTree = "<group>"; };
		8D517C8A26BAC80200E76F59 /* Info.plist */ = {isa = PBXFileReference; lastKnownFileType = text.plist.xml; path = Info.plist; sourceTree = "<group>"; };
		8D517C8F26BAC80200E76F59 /* matchUITests.xctest */ = {isa = PBXFileReference; explicitFileType = wrapper.cfbundle; includeInIndex = 0; path = matchUITests.xctest; sourceTree = BUILT_PRODUCTS_DIR; };
		8D517C9326BAC80200E76F59 /* matchUITests.swift */ = {isa = PBXFileReference; lastKnownFileType = sourcecode.swift; path = matchUITests.swift; sourceTree = "<group>"; };
		8D517C9526BAC80200E76F59 /* Info.plist */ = {isa = PBXFileReference; lastKnownFileType = text.plist.xml; path = Info.plist; sourceTree = "<group>"; };
		8D55104C26DFBAA200652879 /* ChatRoomTableViewCell.swift */ = {isa = PBXFileReference; lastKnownFileType = sourcecode.swift; path = ChatRoomTableViewCell.swift; sourceTree = "<group>"; };
		8D55104D26DFBAA200652879 /* ChatRoomTableViewCell.xib */ = {isa = PBXFileReference; lastKnownFileType = file.xib; path = ChatRoomTableViewCell.xib; sourceTree = "<group>"; };
		8D55105326DFBB4500652879 /* ChatInputAccessory.swift */ = {isa = PBXFileReference; lastKnownFileType = sourcecode.swift; path = ChatInputAccessory.swift; sourceTree = "<group>"; };
		8DBD6E9B26C91DE800326F2B /* GoogleService-Info.plist */ = {isa = PBXFileReference; fileEncoding = 4; lastKnownFileType = text.plist.xml; path = "GoogleService-Info.plist"; sourceTree = "<group>"; };
		8DBD6EC426C9222300326F2B /* SignInViewController.swift */ = {isa = PBXFileReference; lastKnownFileType = sourcecode.swift; path = SignInViewController.swift; sourceTree = "<group>"; };
		8DBD6EC926C9224400326F2B /* SignUpViewController.swift */ = {isa = PBXFileReference; lastKnownFileType = sourcecode.swift; path = SignUpViewController.swift; sourceTree = "<group>"; };
		8DBD6ECB26C9226600326F2B /* SignIn.storyboard */ = {isa = PBXFileReference; lastKnownFileType = file.storyboard; path = SignIn.storyboard; sourceTree = "<group>"; };
		90CA077A8D5CCB5BA413207E /* Pods-matchTests.debug.xcconfig */ = {isa = PBXFileReference; includeInIndex = 1; lastKnownFileType = text.xcconfig; name = "Pods-matchTests.debug.xcconfig"; path = "Target Support Files/Pods-matchTests/Pods-matchTests.debug.xcconfig"; sourceTree = "<group>"; };
		B5A8777A875F48C32356AA66 /* Pods_matchTests.framework */ = {isa = PBXFileReference; explicitFileType = wrapper.framework; includeInIndex = 0; path = Pods_matchTests.framework; sourceTree = BUILT_PRODUCTS_DIR; };
		D8C263D425C5597F0A1F4C55 /* Pods-match-matchUITests.release.xcconfig */ = {isa = PBXFileReference; includeInIndex = 1; lastKnownFileType = text.xcconfig; name = "Pods-match-matchUITests.release.xcconfig"; path = "Target Support Files/Pods-match-matchUITests/Pods-match-matchUITests.release.xcconfig"; sourceTree = "<group>"; };
		EC730BAF19FF245C523B1DCD /* Pods_match.framework */ = {isa = PBXFileReference; explicitFileType = wrapper.framework; includeInIndex = 0; path = Pods_match.framework; sourceTree = BUILT_PRODUCTS_DIR; };
/* End PBXFileReference section */

/* Begin PBXFrameworksBuildPhase section */
		8D517C6B26BAC7FD00E76F59 /* Frameworks */ = {
			isa = PBXFrameworksBuildPhase;
			buildActionMask = 2147483647;
			files = (
				728EE29D877003020556745E /* Pods_match.framework in Frameworks */,
			);
			runOnlyForDeploymentPostprocessing = 0;
		};
		8D517C8126BAC80200E76F59 /* Frameworks */ = {
			isa = PBXFrameworksBuildPhase;
			buildActionMask = 2147483647;
			files = (
				FEA11CA4C2648CD663DCF1DF /* Pods_matchTests.framework in Frameworks */,
			);
			runOnlyForDeploymentPostprocessing = 0;
		};
		8D517C8C26BAC80200E76F59 /* Frameworks */ = {
			isa = PBXFrameworksBuildPhase;
			buildActionMask = 2147483647;
			files = (
				820B3CB4A7FBE998353E4A72 /* Pods_match_matchUITests.framework in Frameworks */,
			);
			runOnlyForDeploymentPostprocessing = 0;
		};
/* End PBXFrameworksBuildPhase section */

/* Begin PBXGroup section */
		033425F57271B6D57429C9E5 /* Pods */ = {
			isa = PBXGroup;
			children = (
				6B824D60762A9BDB73586185 /* Pods-match.debug.xcconfig */,
				851E132F5A9CCC1A1E4FF423 /* Pods-match.release.xcconfig */,
				5D8AEC603636BE071264EFB5 /* Pods-match-matchUITests.debug.xcconfig */,
				D8C263D425C5597F0A1F4C55 /* Pods-match-matchUITests.release.xcconfig */,
				90CA077A8D5CCB5BA413207E /* Pods-matchTests.debug.xcconfig */,
				1986161700A6F6134ECC8BDF /* Pods-matchTests.release.xcconfig */,
			);
			path = Pods;
			sourceTree = "<group>";
		};
		88232F7703D1AF42F1993430 /* Frameworks */ = {
			isa = PBXGroup;
			children = (
				EC730BAF19FF245C523B1DCD /* Pods_match.framework */,
				1410DBA791CC9840C14EFB77 /* Pods_match_matchUITests.framework */,
				B5A8777A875F48C32356AA66 /* Pods_matchTests.framework */,
			);
			name = Frameworks;
			sourceTree = "<group>";
		};
		8D3634E926BC0F83005AB4E9 /* images */ = {
			isa = PBXGroup;
			children = (
				8D3634EE26BC126D005AB4E9 /* kuro.jpg */,
				8D3634ED26BC126C005AB4E9 /* manatsu.jpg */,
				8D36350826BC13C8005AB4E9 /* yoda.jpg */,
				8D3634F526BC1276005AB4E9 /* nanami.jpeg */,
				8D3634F426BC1276005AB4E9 /* nanase.jpg */,
				8D3634FB26BC127B005AB4E9 /* maiyan.png */,
				8D36350326BC13C1005AB4E9 /* miria2.jpg */,
			);
			path = images;
			sourceTree = "<group>";
		};
		8D517C6526BAC7FD00E76F59 = {
			isa = PBXGroup;
			children = (
				8D517C7026BAC7FD00E76F59 /* match */,
				8D517C8726BAC80200E76F59 /* matchTests */,
				8D517C9226BAC80200E76F59 /* matchUITests */,
				8D517C6F26BAC7FD00E76F59 /* Products */,
				033425F57271B6D57429C9E5 /* Pods */,
				88232F7703D1AF42F1993430 /* Frameworks */,
			);
			sourceTree = "<group>";
		};
		8D517C6F26BAC7FD00E76F59 /* Products */ = {
			isa = PBXGroup;
			children = (
				8D517C6E26BAC7FD00E76F59 /* match.app */,
				8D517C8426BAC80200E76F59 /* matchTests.xctest */,
				8D517C8F26BAC80200E76F59 /* matchUITests.xctest */,
			);
			name = Products;
			sourceTree = "<group>";
		};
		8D517C7026BAC7FD00E76F59 /* match */ = {
			isa = PBXGroup;
			children = (
				8D517C7126BAC7FD00E76F59 /* AppDelegate.swift */,
				8D517C7326BAC7FD00E76F59 /* SceneDelegate.swift */,
				8D517C7526BAC7FD00E76F59 /* ViewController.swift */,
				8DBD6EC426C9222300326F2B /* SignInViewController.swift */,
				8DBD6EC926C9224400326F2B /* SignUpViewController.swift */,
				8D517C7726BAC7FD00E76F59 /* Main.storyboard */,
				8DBD6ECB26C9226600326F2B /* SignIn.storyboard */,
				8D517C7A26BAC80100E76F59 /* Assets.xcassets */,
				28A7163F26D26C4C00094295 /* ProfileViewController.swift */,
				28A7164426D26C6600094295 /* EditProfileViewController.swift */,
				8D19C63A26DE5BB00047775C /* Message.swift */,
				8D19C63F26DE5BCC0047775C /* User.swift */,
				8D19C64426DE5BE90047775C /* ChatRoom.swift */,
				8D19C64926DE5C1A0047775C /* ChatListViewController.swift */,
				8D55104C26DFBAA200652879 /* ChatRoomTableViewCell.swift */,
				8D55104D26DFBAA200652879 /* ChatRoomTableViewCell.xib */,
				8D55105326DFBB4500652879 /* ChatInputAccessory.swift */,
				8D517C7C26BAC80100E76F59 /* LaunchScreen.storyboard */,
				8D517C7F26BAC80200E76F59 /* Info.plist */,
				8DBD6E9B26C91DE800326F2B /* GoogleService-Info.plist */,
				8D3634E926BC0F83005AB4E9 /* images */,
			);
			path = match;
			sourceTree = "<group>";
		};
		8D517C8726BAC80200E76F59 /* matchTests */ = {
			isa = PBXGroup;
			children = (
				8D517C8826BAC80200E76F59 /* matchTests.swift */,
				8D517C8A26BAC80200E76F59 /* Info.plist */,
			);
			path = matchTests;
			sourceTree = "<group>";
		};
		8D517C9226BAC80200E76F59 /* matchUITests */ = {
			isa = PBXGroup;
			children = (
				8D517C9326BAC80200E76F59 /* matchUITests.swift */,
				8D517C9526BAC80200E76F59 /* Info.plist */,
			);
			path = matchUITests;
			sourceTree = "<group>";
		};
/* End PBXGroup section */

/* Begin PBXNativeTarget section */
		8D517C6D26BAC7FD00E76F59 /* match */ = {
			isa = PBXNativeTarget;
			buildConfigurationList = 8D517C9826BAC80200E76F59 /* Build configuration list for PBXNativeTarget "match" */;
			buildPhases = (
				66210D4D226BE7F2B817B308 /* [CP] Check Pods Manifest.lock */,
				8D517C6A26BAC7FD00E76F59 /* Sources */,
				8D517C6B26BAC7FD00E76F59 /* Frameworks */,
				8D517C6C26BAC7FD00E76F59 /* Resources */,
				F61C42A2C4A26273506CC432 /* [CP] Embed Pods Frameworks */,
			);
			buildRules = (
			);
			dependencies = (
			);
			name = match;
			productName = match;
			productReference = 8D517C6E26BAC7FD00E76F59 /* match.app */;
			productType = "com.apple.product-type.application";
		};
		8D517C8326BAC80200E76F59 /* matchTests */ = {
			isa = PBXNativeTarget;
			buildConfigurationList = 8D517C9B26BAC80200E76F59 /* Build configuration list for PBXNativeTarget "matchTests" */;
			buildPhases = (
				ED54DE1B2BC2D796BE33D545 /* [CP] Check Pods Manifest.lock */,
				8D517C8026BAC80200E76F59 /* Sources */,
				8D517C8126BAC80200E76F59 /* Frameworks */,
				8D517C8226BAC80200E76F59 /* Resources */,
			);
			buildRules = (
			);
			dependencies = (
				8D517C8626BAC80200E76F59 /* PBXTargetDependency */,
			);
			name = matchTests;
			productName = matchTests;
			productReference = 8D517C8426BAC80200E76F59 /* matchTests.xctest */;
			productType = "com.apple.product-type.bundle.unit-test";
		};
		8D517C8E26BAC80200E76F59 /* matchUITests */ = {
			isa = PBXNativeTarget;
			buildConfigurationList = 8D517C9E26BAC80200E76F59 /* Build configuration list for PBXNativeTarget "matchUITests" */;
			buildPhases = (
				09B7C88C841E66FB9CC1B1D8 /* [CP] Check Pods Manifest.lock */,
				8D517C8B26BAC80200E76F59 /* Sources */,
				8D517C8C26BAC80200E76F59 /* Frameworks */,
				8D517C8D26BAC80200E76F59 /* Resources */,
				F0E30CCBBEA76792EC18C510 /* [CP] Embed Pods Frameworks */,
			);
			buildRules = (
			);
			dependencies = (
				8D517C9126BAC80200E76F59 /* PBXTargetDependency */,
			);
			name = matchUITests;
			productName = matchUITests;
			productReference = 8D517C8F26BAC80200E76F59 /* matchUITests.xctest */;
			productType = "com.apple.product-type.bundle.ui-testing";
		};
/* End PBXNativeTarget section */

/* Begin PBXProject section */
		8D517C6626BAC7FD00E76F59 /* Project object */ = {
			isa = PBXProject;
			attributes = {
				LastSwiftUpdateCheck = 1240;
				LastUpgradeCheck = 1240;
				TargetAttributes = {
					8D517C6D26BAC7FD00E76F59 = {
						CreatedOnToolsVersion = 12.4;
					};
					8D517C8326BAC80200E76F59 = {
						CreatedOnToolsVersion = 12.4;
						TestTargetID = 8D517C6D26BAC7FD00E76F59;
					};
					8D517C8E26BAC80200E76F59 = {
						CreatedOnToolsVersion = 12.4;
						TestTargetID = 8D517C6D26BAC7FD00E76F59;
					};
				};
			};
			buildConfigurationList = 8D517C6926BAC7FD00E76F59 /* Build configuration list for PBXProject "match" */;
			compatibilityVersion = "Xcode 9.3";
			developmentRegion = en;
			hasScannedForEncodings = 0;
			knownRegions = (
				en,
				Base,
			);
			mainGroup = 8D517C6526BAC7FD00E76F59;
			productRefGroup = 8D517C6F26BAC7FD00E76F59 /* Products */;
			projectDirPath = "";
			projectRoot = "";
			targets = (
				8D517C6D26BAC7FD00E76F59 /* match */,
				8D517C8326BAC80200E76F59 /* matchTests */,
				8D517C8E26BAC80200E76F59 /* matchUITests */,
			);
		};
/* End PBXProject section */

/* Begin PBXResourcesBuildPhase section */
		8D517C6C26BAC7FD00E76F59 /* Resources */ = {
			isa = PBXResourcesBuildPhase;
			buildActionMask = 2147483647;
			files = (
				8D517C7E26BAC80100E76F59 /* LaunchScreen.storyboard in Resources */,
				8D517C7B26BAC80100E76F59 /* Assets.xcassets in Resources */,
				8D3634F726BC1276005AB4E9 /* nanami.jpeg in Resources */,
				8D55104F26DFBAA200652879 /* ChatRoomTableViewCell.xib in Resources */,
				8D517C7926BAC7FD00E76F59 /* Main.storyboard in Resources */,
				8DBD6ECC26C9226600326F2B /* SignIn.storyboard in Resources */,
				8D3634FC26BC127B005AB4E9 /* maiyan.png in Resources */,
				8DBD6E9C26C91DE800326F2B /* GoogleService-Info.plist in Resources */,
				8D3634F626BC1276005AB4E9 /* nanase.jpg in Resources */,
				8D36350926BC13C8005AB4E9 /* yoda.jpg in Resources */,
				8D3634F026BC126D005AB4E9 /* kuro.jpg in Resources */,
				8D3634EF26BC126D005AB4E9 /* manatsu.jpg in Resources */,
				8D36350426BC13C1005AB4E9 /* miria2.jpg in Resources */,
			);
			runOnlyForDeploymentPostprocessing = 0;
		};
		8D517C8226BAC80200E76F59 /* Resources */ = {
			isa = PBXResourcesBuildPhase;
			buildActionMask = 2147483647;
			files = (
			);
			runOnlyForDeploymentPostprocessing = 0;
		};
		8D517C8D26BAC80200E76F59 /* Resources */ = {
			isa = PBXResourcesBuildPhase;
			buildActionMask = 2147483647;
			files = (
			);
			runOnlyForDeploymentPostprocessing = 0;
		};
/* End PBXResourcesBuildPhase section */

/* Begin PBXShellScriptBuildPhase section */
		09B7C88C841E66FB9CC1B1D8 /* [CP] Check Pods Manifest.lock */ = {
			isa = PBXShellScriptBuildPhase;
			buildActionMask = 2147483647;
			files = (
			);
			inputFileListPaths = (
			);
			inputPaths = (
				"${PODS_PODFILE_DIR_PATH}/Podfile.lock",
				"${PODS_ROOT}/Manifest.lock",
			);
			name = "[CP] Check Pods Manifest.lock";
			outputFileListPaths = (
			);
			outputPaths = (
				"$(DERIVED_FILE_DIR)/Pods-match-matchUITests-checkManifestLockResult.txt",
			);
			runOnlyForDeploymentPostprocessing = 0;
			shellPath = /bin/sh;
			shellScript = "diff \"${PODS_PODFILE_DIR_PATH}/Podfile.lock\" \"${PODS_ROOT}/Manifest.lock\" > /dev/null\nif [ $? != 0 ] ; then\n    # print error to STDERR\n    echo \"error: The sandbox is not in sync with the Podfile.lock. Run 'pod install' or update your CocoaPods installation.\" >&2\n    exit 1\nfi\n# This output is used by Xcode 'outputs' to avoid re-running this script phase.\necho \"SUCCESS\" > \"${SCRIPT_OUTPUT_FILE_0}\"\n";
			showEnvVarsInLog = 0;
		};
		66210D4D226BE7F2B817B308 /* [CP] Check Pods Manifest.lock */ = {
			isa = PBXShellScriptBuildPhase;
			buildActionMask = 2147483647;
			files = (
			);
			inputFileListPaths = (
			);
			inputPaths = (
				"${PODS_PODFILE_DIR_PATH}/Podfile.lock",
				"${PODS_ROOT}/Manifest.lock",
			);
			name = "[CP] Check Pods Manifest.lock";
			outputFileListPaths = (
			);
			outputPaths = (
				"$(DERIVED_FILE_DIR)/Pods-match-checkManifestLockResult.txt",
			);
			runOnlyForDeploymentPostprocessing = 0;
			shellPath = /bin/sh;
			shellScript = "diff \"${PODS_PODFILE_DIR_PATH}/Podfile.lock\" \"${PODS_ROOT}/Manifest.lock\" > /dev/null\nif [ $? != 0 ] ; then\n    # print error to STDERR\n    echo \"error: The sandbox is not in sync with the Podfile.lock. Run 'pod install' or update your CocoaPods installation.\" >&2\n    exit 1\nfi\n# This output is used by Xcode 'outputs' to avoid re-running this script phase.\necho \"SUCCESS\" > \"${SCRIPT_OUTPUT_FILE_0}\"\n";
			showEnvVarsInLog = 0;
		};
		ED54DE1B2BC2D796BE33D545 /* [CP] Check Pods Manifest.lock */ = {
			isa = PBXShellScriptBuildPhase;
			buildActionMask = 2147483647;
			files = (
			);
			inputFileListPaths = (
			);
			inputPaths = (
				"${PODS_PODFILE_DIR_PATH}/Podfile.lock",
				"${PODS_ROOT}/Manifest.lock",
			);
			name = "[CP] Check Pods Manifest.lock";
			outputFileListPaths = (
			);
			outputPaths = (
				"$(DERIVED_FILE_DIR)/Pods-matchTests-checkManifestLockResult.txt",
			);
			runOnlyForDeploymentPostprocessing = 0;
			shellPath = /bin/sh;
			shellScript = "diff \"${PODS_PODFILE_DIR_PATH}/Podfile.lock\" \"${PODS_ROOT}/Manifest.lock\" > /dev/null\nif [ $? != 0 ] ; then\n    # print error to STDERR\n    echo \"error: The sandbox is not in sync with the Podfile.lock. Run 'pod install' or update your CocoaPods installation.\" >&2\n    exit 1\nfi\n# This output is used by Xcode 'outputs' to avoid re-running this script phase.\necho \"SUCCESS\" > \"${SCRIPT_OUTPUT_FILE_0}\"\n";
			showEnvVarsInLog = 0;
		};
		F0E30CCBBEA76792EC18C510 /* [CP] Embed Pods Frameworks */ = {
			isa = PBXShellScriptBuildPhase;
			buildActionMask = 2147483647;
			files = (
			);
			inputFileListPaths = (
				"${PODS_ROOT}/Target Support Files/Pods-match-matchUITests/Pods-match-matchUITests-frameworks-${CONFIGURATION}-input-files.xcfilelist",
			);
			name = "[CP] Embed Pods Frameworks";
			outputFileListPaths = (
				"${PODS_ROOT}/Target Support Files/Pods-match-matchUITests/Pods-match-matchUITests-frameworks-${CONFIGURATION}-output-files.xcfilelist",
			);
			runOnlyForDeploymentPostprocessing = 0;
			shellPath = /bin/sh;
			shellScript = "\"${PODS_ROOT}/Target Support Files/Pods-match-matchUITests/Pods-match-matchUITests-frameworks.sh\"\n";
			showEnvVarsInLog = 0;
		};
		F61C42A2C4A26273506CC432 /* [CP] Embed Pods Frameworks */ = {
			isa = PBXShellScriptBuildPhase;
			buildActionMask = 2147483647;
			files = (
			);
			inputFileListPaths = (
				"${PODS_ROOT}/Target Support Files/Pods-match/Pods-match-frameworks-${CONFIGURATION}-input-files.xcfilelist",
			);
			name = "[CP] Embed Pods Frameworks";
			outputFileListPaths = (
				"${PODS_ROOT}/Target Support Files/Pods-match/Pods-match-frameworks-${CONFIGURATION}-output-files.xcfilelist",
			);
			runOnlyForDeploymentPostprocessing = 0;
			shellPath = /bin/sh;
			shellScript = "\"${PODS_ROOT}/Target Support Files/Pods-match/Pods-match-frameworks.sh\"\n";
			showEnvVarsInLog = 0;
		};
/* End PBXShellScriptBuildPhase section */

/* Begin PBXSourcesBuildPhase section */
		8D517C6A26BAC7FD00E76F59 /* Sources */ = {
			isa = PBXSourcesBuildPhase;
			buildActionMask = 2147483647;
			files = (
				28A7164026D26C4C00094295 /* ProfileViewController.swift in Sources */,
				8DBD6EC526C9222300326F2B /* SignInViewController.swift in Sources */,
				8D55105426DFBB4500652879 /* ChatInputAccessory.swift in Sources */,
				8D517C7626BAC7FD00E76F59 /* ViewController.swift in Sources */,
				8D517C7226BAC7FD00E76F59 /* AppDelegate.swift in Sources */,
				8D19C64A26DE5C1A0047775C /* ChatListViewController.swift in Sources */,
				8D517C7426BAC7FD00E76F59 /* SceneDelegate.swift in Sources */,
				8D19C64026DE5BCC0047775C /* User.swift in Sources */,
				8D19C63B26DE5BB00047775C /* Message.swift in Sources */,
				8DBD6ECA26C9224400326F2B /* SignUpViewController.swift in Sources */,
				8D19C64526DE5BE90047775C /* ChatRoom.swift in Sources */,
				8D55104E26DFBAA200652879 /* ChatRoomTableViewCell.swift in Sources */,
				28A7164526D26C6600094295 /* EditProfileViewController.swift in Sources */,
			);
			runOnlyForDeploymentPostprocessing = 0;
		};
		8D517C8026BAC80200E76F59 /* Sources */ = {
			isa = PBXSourcesBuildPhase;
			buildActionMask = 2147483647;
			files = (
				8D517C8926BAC80200E76F59 /* matchTests.swift in Sources */,
			);
			runOnlyForDeploymentPostprocessing = 0;
		};
		8D517C8B26BAC80200E76F59 /* Sources */ = {
			isa = PBXSourcesBuildPhase;
			buildActionMask = 2147483647;
			files = (
				8D517C9426BAC80200E76F59 /* matchUITests.swift in Sources */,
			);
			runOnlyForDeploymentPostprocessing = 0;
		};
/* End PBXSourcesBuildPhase section */

/* Begin PBXTargetDependency section */
		8D517C8626BAC80200E76F59 /* PBXTargetDependency */ = {
			isa = PBXTargetDependency;
			target = 8D517C6D26BAC7FD00E76F59 /* match */;
			targetProxy = 8D517C8526BAC80200E76F59 /* PBXContainerItemProxy */;
		};
		8D517C9126BAC80200E76F59 /* PBXTargetDependency */ = {
			isa = PBXTargetDependency;
			target = 8D517C6D26BAC7FD00E76F59 /* match */;
			targetProxy = 8D517C9026BAC80200E76F59 /* PBXContainerItemProxy */;
		};
/* End PBXTargetDependency section */

/* Begin PBXVariantGroup section */
		8D517C7726BAC7FD00E76F59 /* Main.storyboard */ = {
			isa = PBXVariantGroup;
			children = (
				8D517C7826BAC7FD00E76F59 /* Base */,
			);
			name = Main.storyboard;
			sourceTree = "<group>";
		};
		8D517C7C26BAC80100E76F59 /* LaunchScreen.storyboard */ = {
			isa = PBXVariantGroup;
			children = (
				8D517C7D26BAC80100E76F59 /* Base */,
			);
			name = LaunchScreen.storyboard;
			sourceTree = "<group>";
		};
/* End PBXVariantGroup section */

/* Begin XCBuildConfiguration section */
		8D517C9626BAC80200E76F59 /* Debug */ = {
			isa = XCBuildConfiguration;
			buildSettings = {
				ALWAYS_SEARCH_USER_PATHS = NO;
				CLANG_ANALYZER_NONNULL = YES;
				CLANG_ANALYZER_NUMBER_OBJECT_CONVERSION = YES_AGGRESSIVE;
				CLANG_CXX_LANGUAGE_STANDARD = "gnu++14";
				CLANG_CXX_LIBRARY = "libc++";
				CLANG_ENABLE_MODULES = YES;
				CLANG_ENABLE_OBJC_ARC = YES;
				CLANG_ENABLE_OBJC_WEAK = YES;
				CLANG_WARN_BLOCK_CAPTURE_AUTORELEASING = YES;
				CLANG_WARN_BOOL_CONVERSION = YES;
				CLANG_WARN_COMMA = YES;
				CLANG_WARN_CONSTANT_CONVERSION = YES;
				CLANG_WARN_DEPRECATED_OBJC_IMPLEMENTATIONS = YES;
				CLANG_WARN_DIRECT_OBJC_ISA_USAGE = YES_ERROR;
				CLANG_WARN_DOCUMENTATION_COMMENTS = YES;
				CLANG_WARN_EMPTY_BODY = YES;
				CLANG_WARN_ENUM_CONVERSION = YES;
				CLANG_WARN_INFINITE_RECURSION = YES;
				CLANG_WARN_INT_CONVERSION = YES;
				CLANG_WARN_NON_LITERAL_NULL_CONVERSION = YES;
				CLANG_WARN_OBJC_IMPLICIT_RETAIN_SELF = YES;
				CLANG_WARN_OBJC_LITERAL_CONVERSION = YES;
				CLANG_WARN_OBJC_ROOT_CLASS = YES_ERROR;
				CLANG_WARN_QUOTED_INCLUDE_IN_FRAMEWORK_HEADER = YES;
				CLANG_WARN_RANGE_LOOP_ANALYSIS = YES;
				CLANG_WARN_STRICT_PROTOTYPES = YES;
				CLANG_WARN_SUSPICIOUS_MOVE = YES;
				CLANG_WARN_UNGUARDED_AVAILABILITY = YES_AGGRESSIVE;
				CLANG_WARN_UNREACHABLE_CODE = YES;
				CLANG_WARN__DUPLICATE_METHOD_MATCH = YES;
				COPY_PHASE_STRIP = NO;
				DEBUG_INFORMATION_FORMAT = dwarf;
				ENABLE_STRICT_OBJC_MSGSEND = YES;
				ENABLE_TESTABILITY = YES;
				GCC_C_LANGUAGE_STANDARD = gnu11;
				GCC_DYNAMIC_NO_PIC = NO;
				GCC_NO_COMMON_BLOCKS = YES;
				GCC_OPTIMIZATION_LEVEL = 0;
				GCC_PREPROCESSOR_DEFINITIONS = (
					"DEBUG=1",
					"$(inherited)",
				);
				GCC_WARN_64_TO_32_BIT_CONVERSION = YES;
				GCC_WARN_ABOUT_RETURN_TYPE = YES_ERROR;
				GCC_WARN_UNDECLARED_SELECTOR = YES;
				GCC_WARN_UNINITIALIZED_AUTOS = YES_AGGRESSIVE;
				GCC_WARN_UNUSED_FUNCTION = YES;
				GCC_WARN_UNUSED_VARIABLE = YES;
				IPHONEOS_DEPLOYMENT_TARGET = 14.4;
				MTL_ENABLE_DEBUG_INFO = INCLUDE_SOURCE;
				MTL_FAST_MATH = YES;
				ONLY_ACTIVE_ARCH = YES;
				SDKROOT = iphoneos;
				SWIFT_ACTIVE_COMPILATION_CONDITIONS = DEBUG;
				SWIFT_OPTIMIZATION_LEVEL = "-Onone";
			};
			name = Debug;
		};
		8D517C9726BAC80200E76F59 /* Release */ = {
			isa = XCBuildConfiguration;
			buildSettings = {
				ALWAYS_SEARCH_USER_PATHS = NO;
				CLANG_ANALYZER_NONNULL = YES;
				CLANG_ANALYZER_NUMBER_OBJECT_CONVERSION = YES_AGGRESSIVE;
				CLANG_CXX_LANGUAGE_STANDARD = "gnu++14";
				CLANG_CXX_LIBRARY = "libc++";
				CLANG_ENABLE_MODULES = YES;
				CLANG_ENABLE_OBJC_ARC = YES;
				CLANG_ENABLE_OBJC_WEAK = YES;
				CLANG_WARN_BLOCK_CAPTURE_AUTORELEASING = YES;
				CLANG_WARN_BOOL_CONVERSION = YES;
				CLANG_WARN_COMMA = YES;
				CLANG_WARN_CONSTANT_CONVERSION = YES;
				CLANG_WARN_DEPRECATED_OBJC_IMPLEMENTATIONS = YES;
				CLANG_WARN_DIRECT_OBJC_ISA_USAGE = YES_ERROR;
				CLANG_WARN_DOCUMENTATION_COMMENTS = YES;
				CLANG_WARN_EMPTY_BODY = YES;
				CLANG_WARN_ENUM_CONVERSION = YES;
				CLANG_WARN_INFINITE_RECURSION = YES;
				CLANG_WARN_INT_CONVERSION = YES;
				CLANG_WARN_NON_LITERAL_NULL_CONVERSION = YES;
				CLANG_WARN_OBJC_IMPLICIT_RETAIN_SELF = YES;
				CLANG_WARN_OBJC_LITERAL_CONVERSION = YES;
				CLANG_WARN_OBJC_ROOT_CLASS = YES_ERROR;
				CLANG_WARN_QUOTED_INCLUDE_IN_FRAMEWORK_HEADER = YES;
				CLANG_WARN_RANGE_LOOP_ANALYSIS = YES;
				CLANG_WARN_STRICT_PROTOTYPES = YES;
				CLANG_WARN_SUSPICIOUS_MOVE = YES;
				CLANG_WARN_UNGUARDED_AVAILABILITY = YES_AGGRESSIVE;
				CLANG_WARN_UNREACHABLE_CODE = YES;
				CLANG_WARN__DUPLICATE_METHOD_MATCH = YES;
				COPY_PHASE_STRIP = NO;
				DEBUG_INFORMATION_FORMAT = "dwarf-with-dsym";
				ENABLE_NS_ASSERTIONS = NO;
				ENABLE_STRICT_OBJC_MSGSEND = YES;
				GCC_C_LANGUAGE_STANDARD = gnu11;
				GCC_NO_COMMON_BLOCKS = YES;
				GCC_WARN_64_TO_32_BIT_CONVERSION = YES;
				GCC_WARN_ABOUT_RETURN_TYPE = YES_ERROR;
				GCC_WARN_UNDECLARED_SELECTOR = YES;
				GCC_WARN_UNINITIALIZED_AUTOS = YES_AGGRESSIVE;
				GCC_WARN_UNUSED_FUNCTION = YES;
				GCC_WARN_UNUSED_VARIABLE = YES;
				IPHONEOS_DEPLOYMENT_TARGET = 14.4;
				MTL_ENABLE_DEBUG_INFO = NO;
				MTL_FAST_MATH = YES;
				SDKROOT = iphoneos;
				SWIFT_COMPILATION_MODE = wholemodule;
				SWIFT_OPTIMIZATION_LEVEL = "-O";
				VALIDATE_PRODUCT = YES;
			};
			name = Release;
		};
		8D517C9926BAC80200E76F59 /* Debug */ = {
			isa = XCBuildConfiguration;
			baseConfigurationReference = 6B824D60762A9BDB73586185 /* Pods-match.debug.xcconfig */;
			buildSettings = {
				ASSETCATALOG_COMPILER_APPICON_NAME = AppIcon;
				ASSETCATALOG_COMPILER_GLOBAL_ACCENT_COLOR_NAME = AccentColor;
				CODE_SIGN_STYLE = Automatic;
				INFOPLIST_FILE = match/Info.plist;
				IPHONEOS_DEPLOYMENT_TARGET = 13.0;
				LD_RUNPATH_SEARCH_PATHS = (
					"$(inherited)",
					"@executable_path/Frameworks",
				);
				PRODUCT_BUNDLE_IDENTIFIER = higuchi.com.match;
				PRODUCT_NAME = "$(TARGET_NAME)";
				SWIFT_VERSION = 5.0;
				TARGETED_DEVICE_FAMILY = "1,2";
			};
			name = Debug;
		};
		8D517C9A26BAC80200E76F59 /* Release */ = {
			isa = XCBuildConfiguration;
			baseConfigurationReference = 851E132F5A9CCC1A1E4FF423 /* Pods-match.release.xcconfig */;
			buildSettings = {
				ASSETCATALOG_COMPILER_APPICON_NAME = AppIcon;
				ASSETCATALOG_COMPILER_GLOBAL_ACCENT_COLOR_NAME = AccentColor;
				CODE_SIGN_STYLE = Automatic;
				INFOPLIST_FILE = match/Info.plist;
				IPHONEOS_DEPLOYMENT_TARGET = 13.0;
				LD_RUNPATH_SEARCH_PATHS = (
					"$(inherited)",
					"@executable_path/Frameworks",
				);
				PRODUCT_BUNDLE_IDENTIFIER = higuchi.com.match;
				PRODUCT_NAME = "$(TARGET_NAME)";
				SWIFT_VERSION = 5.0;
				TARGETED_DEVICE_FAMILY = "1,2";
			};
			name = Release;
		};
		8D517C9C26BAC80200E76F59 /* Debug */ = {
			isa = XCBuildConfiguration;
			baseConfigurationReference = 90CA077A8D5CCB5BA413207E /* Pods-matchTests.debug.xcconfig */;
			buildSettings = {
				ALWAYS_EMBED_SWIFT_STANDARD_LIBRARIES = YES;
				BUNDLE_LOADER = "$(TEST_HOST)";
				CODE_SIGN_STYLE = Automatic;
				INFOPLIST_FILE = matchTests/Info.plist;
				IPHONEOS_DEPLOYMENT_TARGET = 14.4;
				LD_RUNPATH_SEARCH_PATHS = (
					"$(inherited)",
					"@executable_path/Frameworks",
					"@loader_path/Frameworks",
				);
				PRODUCT_BUNDLE_IDENTIFIER = higuchi.com.matchTests;
				PRODUCT_NAME = "$(TARGET_NAME)";
				SWIFT_VERSION = 5.0;
				TARGETED_DEVICE_FAMILY = "1,2";
				TEST_HOST = "$(BUILT_PRODUCTS_DIR)/match.app/match";
			};
			name = Debug;
		};
		8D517C9D26BAC80200E76F59 /* Release */ = {
			isa = XCBuildConfiguration;
			baseConfigurationReference = 1986161700A6F6134ECC8BDF /* Pods-matchTests.release.xcconfig */;
			buildSettings = {
				ALWAYS_EMBED_SWIFT_STANDARD_LIBRARIES = YES;
				BUNDLE_LOADER = "$(TEST_HOST)";
				CODE_SIGN_STYLE = Automatic;
				INFOPLIST_FILE = matchTests/Info.plist;
				IPHONEOS_DEPLOYMENT_TARGET = 14.4;
				LD_RUNPATH_SEARCH_PATHS = (
					"$(inherited)",
					"@executable_path/Frameworks",
					"@loader_path/Frameworks",
				);
				PRODUCT_BUNDLE_IDENTIFIER = higuchi.com.matchTests;
				PRODUCT_NAME = "$(TARGET_NAME)";
				SWIFT_VERSION = 5.0;
				TARGETED_DEVICE_FAMILY = "1,2";
				TEST_HOST = "$(BUILT_PRODUCTS_DIR)/match.app/match";
			};
			name = Release;
		};
		8D517C9F26BAC80200E76F59 /* Debug */ = {
			isa = XCBuildConfiguration;
			baseConfigurationReference = 5D8AEC603636BE071264EFB5 /* Pods-match-matchUITests.debug.xcconfig */;
			buildSettings = {
				ALWAYS_EMBED_SWIFT_STANDARD_LIBRARIES = YES;
				CODE_SIGN_STYLE = Automatic;
				INFOPLIST_FILE = matchUITests/Info.plist;
				LD_RUNPATH_SEARCH_PATHS = (
					"$(inherited)",
					"@executable_path/Frameworks",
					"@loader_path/Frameworks",
				);
				PRODUCT_BUNDLE_IDENTIFIER = higuchi.com.matchUITests;
				PRODUCT_NAME = "$(TARGET_NAME)";
				SWIFT_VERSION = 5.0;
				TARGETED_DEVICE_FAMILY = "1,2";
				TEST_TARGET_NAME = match;
			};
			name = Debug;
		};
		8D517CA026BAC80200E76F59 /* Release */ = {
			isa = XCBuildConfiguration;
			baseConfigurationReference = D8C263D425C5597F0A1F4C55 /* Pods-match-matchUITests.release.xcconfig */;
			buildSettings = {
				ALWAYS_EMBED_SWIFT_STANDARD_LIBRARIES = YES;
				CODE_SIGN_STYLE = Automatic;
				INFOPLIST_FILE = matchUITests/Info.plist;
				LD_RUNPATH_SEARCH_PATHS = (
					"$(inherited)",
					"@executable_path/Frameworks",
					"@loader_path/Frameworks",
				);
				PRODUCT_BUNDLE_IDENTIFIER = higuchi.com.matchUITests;
				PRODUCT_NAME = "$(TARGET_NAME)";
				SWIFT_VERSION = 5.0;
				TARGETED_DEVICE_FAMILY = "1,2";
				TEST_TARGET_NAME = match;
			};
			name = Release;
		};
/* End XCBuildConfiguration section */

/* Begin XCConfigurationList section */
		8D517C6926BAC7FD00E76F59 /* Build configuration list for PBXProject "match" */ = {
			isa = XCConfigurationList;
			buildConfigurations = (
				8D517C9626BAC80200E76F59 /* Debug */,
				8D517C9726BAC80200E76F59 /* Release */,
			);
			defaultConfigurationIsVisible = 0;
			defaultConfigurationName = Release;
		};
		8D517C9826BAC80200E76F59 /* Build configuration list for PBXNativeTarget "match" */ = {
			isa = XCConfigurationList;
			buildConfigurations = (
				8D517C9926BAC80200E76F59 /* Debug */,
				8D517C9A26BAC80200E76F59 /* Release */,
			);
			defaultConfigurationIsVisible = 0;
			defaultConfigurationName = Release;
		};
		8D517C9B26BAC80200E76F59 /* Build configuration list for PBXNativeTarget "matchTests" */ = {
			isa = XCConfigurationList;
			buildConfigurations = (
				8D517C9C26BAC80200E76F59 /* Debug */,
				8D517C9D26BAC80200E76F59 /* Release */,
			);
			defaultConfigurationIsVisible = 0;
			defaultConfigurationName = Release;
		};
		8D517C9E26BAC80200E76F59 /* Build configuration list for PBXNativeTarget "matchUITests" */ = {
			isa = XCConfigurationList;
			buildConfigurations = (
				8D517C9F26BAC80200E76F59 /* Debug */,
				8D517CA026BAC80200E76F59 /* Release */,
			);
			defaultConfigurationIsVisible = 0;
			defaultConfigurationName = Release;
		};
/* End XCConfigurationList section */
	};
	rootObject = 8D517C6626BAC7FD00E76F59 /* Project object */;
}
